
Microsoft Visual Studio Solution File, Format Version 12.00
# Visual Studio Version 17
VisualStudioVersion = 17.0.31903.59
MinimumVisualStudioVersion = 10.0.40219.1
Project("{FAE04EC0-301F-11D3-BF4B-00C04F79EFBC}") = "GraphDbInterfaces", "GraphDbInterfaces\GraphDbInterfaces.csproj", "{DEF5CC8D-39BA-4449-B15B-6875E9B55777}"
EndProject
Project("{FAE04EC0-301F-11D3-BF4B-00C04F79EFBC}") = "GrasshopperInterfaces", "GrasshopperInterfaces\GrasshopperInterfaces.csproj", "{6389CA11-4790-4706-8EA0-C8DCFD94AC49}"
EndProject
Project("{FAE04EC0-301F-11D3-BF4B-00C04F79EFBC}") = "GraphDb", "GraphDb\GraphDb.csproj", "{124CCE6D-2253-4BEE-989F-A68C059004AA}"
EndProject
Project("{FAE04EC0-301F-11D3-BF4B-00C04F79EFBC}") = "GrasshopperLib", "GrasshopperLib\GrasshopperLib.csproj", "{FDB11BF1-4907-4F2E-9A8F-B47833C453B4}"
EndProject
Project("{FAE04EC0-301F-11D3-BF4B-00C04F79EFBC}") = "GraphDbCli", "GraphDbCli\GraphDbCli.csproj", "{B804D8B1-7A1F-473F-A38C-F507DCD7AE80}"
EndProject
Project("{FAE04EC0-301F-11D3-BF4B-00C04F79EFBC}") = "GraphDbTests", "GraphDbTests\GraphDbTests.csproj", "{5CEC9D71-1FE7-4F20-8087-988A5E4802F6}"
EndProject
Project("{FAE04EC0-301F-11D3-BF4B-00C04F79EFBC}") = "GraphApi", "GraphApi\GraphApi.csproj", "{D1D2A300-3255-4335-BB79-B73E72B9A1DB}"
EndProject
Project("{FAE04EC0-301F-11D3-BF4B-00C04F79EFBC}") = "GraphApiTests", "GraphApiTests\GraphApiTests.csproj", "{EB822E14-0A8A-482A-9934-771AEF699F70}"
EndProject
Global
	GlobalSection(SolutionConfigurationPlatforms) = preSolution
		Debug|Any CPU = Debug|Any CPU
		Debug|x64 = Debug|x64
		Debug|x86 = Debug|x86
		Release|Any CPU = Release|Any CPU
		Release|x64 = Release|x64
		Release|x86 = Release|x86
	EndGlobalSection
	GlobalSection(ProjectConfigurationPlatforms) = postSolution
		{DEF5CC8D-39BA-4449-B15B-6875E9B55777}.Debug|Any CPU.ActiveCfg = Debug|Any CPU
		{DEF5CC8D-39BA-4449-B15B-6875E9B55777}.Debug|Any CPU.Build.0 = Debug|Any CPU
		{DEF5CC8D-39BA-4449-B15B-6875E9B55777}.Debug|x64.ActiveCfg = Debug|Any CPU
		{DEF5CC8D-39BA-4449-B15B-6875E9B55777}.Debug|x64.Build.0 = Debug|Any CPU
		{DEF5CC8D-39BA-4449-B15B-6875E9B55777}.Debug|x86.ActiveCfg = Debug|Any CPU
		{DEF5CC8D-39BA-4449-B15B-6875E9B55777}.Debug|x86.Build.0 = Debug|Any CPU
		{DEF5CC8D-39BA-4449-B15B-6875E9B55777}.Release|Any CPU.ActiveCfg = Release|Any CPU
		{DEF5CC8D-39BA-4449-B15B-6875E9B55777}.Release|Any CPU.Build.0 = Release|Any CPU
		{DEF5CC8D-39BA-4449-B15B-6875E9B55777}.Release|x64.ActiveCfg = Release|Any CPU
		{DEF5CC8D-39BA-4449-B15B-6875E9B55777}.Release|x64.Build.0 = Release|Any CPU
		{DEF5CC8D-39BA-4449-B15B-6875E9B55777}.Release|x86.ActiveCfg = Release|Any CPU
		{DEF5CC8D-39BA-4449-B15B-6875E9B55777}.Release|x86.Build.0 = Release|Any CPU
		{6389CA11-4790-4706-8EA0-C8DCFD94AC49}.Debug|Any CPU.ActiveCfg = Debug|Any CPU
		{6389CA11-4790-4706-8EA0-C8DCFD94AC49}.Debug|Any CPU.Build.0 = Debug|Any CPU
		{6389CA11-4790-4706-8EA0-C8DCFD94AC49}.Debug|x64.ActiveCfg = Debug|Any CPU
		{6389CA11-4790-4706-8EA0-C8DCFD94AC49}.Debug|x64.Build.0 = Debug|Any CPU
		{6389CA11-4790-4706-8EA0-C8DCFD94AC49}.Debug|x86.ActiveCfg = Debug|Any CPU
		{6389CA11-4790-4706-8EA0-C8DCFD94AC49}.Debug|x86.Build.0 = Debug|Any CPU
		{6389CA11-4790-4706-8EA0-C8DCFD94AC49}.Release|Any CPU.ActiveCfg = Release|Any CPU
		{6389CA11-4790-4706-8EA0-C8DCFD94AC49}.Release|Any CPU.Build.0 = Release|Any CPU
		{6389CA11-4790-4706-8EA0-C8DCFD94AC49}.Release|x64.ActiveCfg = Release|Any CPU
		{6389CA11-4790-4706-8EA0-C8DCFD94AC49}.Release|x64.Build.0 = Release|Any CPU
		{6389CA11-4790-4706-8EA0-C8DCFD94AC49}.Release|x86.ActiveCfg = Release|Any CPU
		{6389CA11-4790-4706-8EA0-C8DCFD94AC49}.Release|x86.Build.0 = Release|Any CPU
		{124CCE6D-2253-4BEE-989F-A68C059004AA}.Debug|Any CPU.ActiveCfg = Debug|Any CPU
		{124CCE6D-2253-4BEE-989F-A68C059004AA}.Debug|Any CPU.Build.0 = Debug|Any CPU
		{124CCE6D-2253-4BEE-989F-A68C059004AA}.Debug|x64.ActiveCfg = Debug|Any CPU
		{124CCE6D-2253-4BEE-989F-A68C059004AA}.Debug|x64.Build.0 = Debug|Any CPU
		{124CCE6D-2253-4BEE-989F-A68C059004AA}.Debug|x86.ActiveCfg = Debug|Any CPU
		{124CCE6D-2253-4BEE-989F-A68C059004AA}.Debug|x86.Build.0 = Debug|Any CPU
		{124CCE6D-2253-4BEE-989F-A68C059004AA}.Release|Any CPU.ActiveCfg = Release|Any CPU
		{124CCE6D-2253-4BEE-989F-A68C059004AA}.Release|Any CPU.Build.0 = Release|Any CPU
		{124CCE6D-2253-4BEE-989F-A68C059004AA}.Release|x64.ActiveCfg = Release|Any CPU
		{124CCE6D-2253-4BEE-989F-A68C059004AA}.Release|x64.Build.0 = Release|Any CPU
		{124CCE6D-2253-4BEE-989F-A68C059004AA}.Release|x86.ActiveCfg = Release|Any CPU
		{124CCE6D-2253-4BEE-989F-A68C059004AA}.Release|x86.Build.0 = Release|Any CPU
		{FDB11BF1-4907-4F2E-9A8F-B47833C453B4}.Debug|Any CPU.ActiveCfg = Debug|Any CPU
		{FDB11BF1-4907-4F2E-9A8F-B47833C453B4}.Debug|Any CPU.Build.0 = Debug|Any CPU
		{FDB11BF1-4907-4F2E-9A8F-B47833C453B4}.Debug|x64.ActiveCfg = Debug|Any CPU
		{FDB11BF1-4907-4F2E-9A8F-B47833C453B4}.Debug|x64.Build.0 = Debug|Any CPU
		{FDB11BF1-4907-4F2E-9A8F-B47833C453B4}.Debug|x86.ActiveCfg = Debug|Any CPU
		{FDB11BF1-4907-4F2E-9A8F-B47833C453B4}.Debug|x86.Build.0 = Debug|Any CPU
		{FDB11BF1-4907-4F2E-9A8F-B47833C453B4}.Release|Any CPU.ActiveCfg = Release|Any CPU
		{FDB11BF1-4907-4F2E-9A8F-B47833C453B4}.Release|Any CPU.Build.0 = Release|Any CPU
		{FDB11BF1-4907-4F2E-9A8F-B47833C453B4}.Release|x64.ActiveCfg = Release|Any CPU
		{FDB11BF1-4907-4F2E-9A8F-B47833C453B4}.Release|x64.Build.0 = Release|Any CPU
		{FDB11BF1-4907-4F2E-9A8F-B47833C453B4}.Release|x86.ActiveCfg = Release|Any CPU
		{FDB11BF1-4907-4F2E-9A8F-B47833C453B4}.Release|x86.Build.0 = Release|Any CPU
		{B804D8B1-7A1F-473F-A38C-F507DCD7AE80}.Debug|Any CPU.ActiveCfg = Debug|Any CPU
		{B804D8B1-7A1F-473F-A38C-F507DCD7AE80}.Debug|Any CPU.Build.0 = Debug|Any CPU
		{B804D8B1-7A1F-473F-A38C-F507DCD7AE80}.Debug|x64.ActiveCfg = Debug|Any CPU
		{B804D8B1-7A1F-473F-A38C-F507DCD7AE80}.Debug|x64.Build.0 = Debug|Any CPU
		{B804D8B1-7A1F-473F-A38C-F507DCD7AE80}.Debug|x86.ActiveCfg = Debug|Any CPU
		{B804D8B1-7A1F-473F-A38C-F507DCD7AE80}.Debug|x86.Build.0 = Debug|Any CPU
		{B804D8B1-7A1F-473F-A38C-F507DCD7AE80}.Release|Any CPU.ActiveCfg = Release|Any CPU
		{B804D8B1-7A1F-473F-A38C-F507DCD7AE80}.Release|Any CPU.Build.0 = Release|Any CPU
		{B804D8B1-7A1F-473F-A38C-F507DCD7AE80}.Release|x64.ActiveCfg = Release|Any CPU
		{B804D8B1-7A1F-473F-A38C-F507DCD7AE80}.Release|x64.Build.0 = Release|Any CPU
		{B804D8B1-7A1F-473F-A38C-F507DCD7AE80}.Release|x86.ActiveCfg = Release|Any CPU
		{B804D8B1-7A1F-473F-A38C-F507DCD7AE80}.Release|x86.Build.0 = Release|Any CPU
		{5CEC9D71-1FE7-4F20-8087-988A5E4802F6}.Debug|Any CPU.ActiveCfg = Debug|Any CPU
		{5CEC9D71-1FE7-4F20-8087-988A5E4802F6}.Debug|Any CPU.Build.0 = Debug|Any CPU
		{5CEC9D71-1FE7-4F20-8087-988A5E4802F6}.Debug|x64.ActiveCfg = Debug|Any CPU
		{5CEC9D71-1FE7-4F20-8087-988A5E4802F6}.Debug|x64.Build.0 = Debug|Any CPU
		{5CEC9D71-1FE7-4F20-8087-988A5E4802F6}.Debug|x86.ActiveCfg = Debug|Any CPU
		{5CEC9D71-1FE7-4F20-8087-988A5E4802F6}.Debug|x86.Build.0 = Debug|Any CPU
		{5CEC9D71-1FE7-4F20-8087-988A5E4802F6}.Release|Any CPU.ActiveCfg = Release|Any CPU
		{5CEC9D71-1FE7-4F20-8087-988A5E4802F6}.Release|Any CPU.Build.0 = Release|Any CPU
		{5CEC9D71-1FE7-4F20-8087-988A5E4802F6}.Release|x64.ActiveCfg = Release|Any CPU
		{5CEC9D71-1FE7-4F20-8087-988A5E4802F6}.Release|x64.Build.0 = Release|Any CPU
		{5CEC9D71-1FE7-4F20-8087-988A5E4802F6}.Release|x86.ActiveCfg = Release|Any CPU
		{5CEC9D71-1FE7-4F20-8087-988A5E4802F6}.Release|x86.Build.0 = Release|Any CPU
		{D1D2A300-3255-4335-BB79-B73E72B9A1DB}.Debug|Any CPU.ActiveCfg = Debug|Any CPU
		{D1D2A300-3255-4335-BB79-B73E72B9A1DB}.Debug|Any CPU.Build.0 = Debug|Any CPU
		{D1D2A300-3255-4335-BB79-B73E72B9A1DB}.Debug|x64.ActiveCfg = Debug|Any CPU
		{D1D2A300-3255-4335-BB79-B73E72B9A1DB}.Debug|x64.Build.0 = Debug|Any CPU
		{D1D2A300-3255-4335-BB79-B73E72B9A1DB}.Debug|x86.ActiveCfg = Debug|Any CPU
		{D1D2A300-3255-4335-BB79-B73E72B9A1DB}.Debug|x86.Build.0 = Debug|Any CPU
		{D1D2A300-3255-4335-BB79-B73E72B9A1DB}.Release|Any CPU.ActiveCfg = Release|Any CPU
		{D1D2A300-3255-4335-BB79-B73E72B9A1DB}.Release|Any CPU.Build.0 = Release|Any CPU
		{D1D2A300-3255-4335-BB79-B73E72B9A1DB}.Release|x64.ActiveCfg = Release|Any CPU
		{D1D2A300-3255-4335-BB79-B73E72B9A1DB}.Release|x64.Build.0 = Release|Any CPU
		{D1D2A300-3255-4335-BB79-B73E72B9A1DB}.Release|x86.ActiveCfg = Release|Any CPU
		{D1D2A300-3255-4335-BB79-B73E72B9A1DB}.Release|x86.Build.0 = Release|Any CPU
		{EB822E14-0A8A-482A-9934-771AEF699F70}.Debug|Any CPU.ActiveCfg = Debug|Any CPU
		{EB822E14-0A8A-482A-9934-771AEF699F70}.Debug|Any CPU.Build.0 = Debug|Any CPU
		{EB822E14-0A8A-482A-9934-771AEF699F70}.Debug|x64.ActiveCfg = Debug|Any CPU
		{EB822E14-0A8A-482A-9934-771AEF699F70}.Debug|x64.Build.0 = Debug|Any CPU
		{EB822E14-0A8A-482A-9934-771AEF699F70}.Debug|x86.ActiveCfg = Debug|Any CPU
		{EB822E14-0A8A-482A-9934-771AEF699F70}.Debug|x86.Build.0 = Debug|Any CPU
		{EB822E14-0A8A-482A-9934-771AEF699F70}.Release|Any CPU.ActiveCfg = Release|Any CPU
		{EB822E14-0A8A-482A-9934-771AEF699F70}.Release|Any CPU.Build.0 = Release|Any CPU
		{EB822E14-0A8A-482A-9934-771AEF699F70}.Release|x64.ActiveCfg = Release|Any CPU
		{EB822E14-0A8A-482A-9934-771AEF699F70}.Release|x64.Build.0 = Release|Any CPU
		{EB822E14-0A8A-482A-9934-771AEF699F70}.Release|x86.ActiveCfg = Release|Any CPU
		{EB822E14-0A8A-482A-9934-771AEF699F70}.Release|x86.Build.0 = Release|Any CPU
	EndGlobalSection
	GlobalSection(SolutionProperties) = preSolution
		HideSolutionNode = FALSE
	EndGlobalSection
EndGlobal
